
Microsoft Visual Studio Solution File, Format Version 11.00
# Visual Studio 2010
Project("{FAE04EC0-301F-11D3-BF4B-00C04F79EFBC}") = "Flora Song", "Assembly-CSharp.csproj", "{0F4549AB-BA18-2687-3D15-7F0837267A31}"
EndProject
Project("{FAE04EC0-301F-11D3-BF4B-00C04F79EFBC}") = "Flora Song", "Assembly-CSharp-Editor.csproj", "{F878DA61-4D28-2A37-C19F-6E57E388F6BD}"
EndProject
Global
	GlobalSection(SolutionConfigurationPlatforms) = preSolution
		Debug|Any CPU = Debug|Any CPU
		Release|Any CPU = Release|Any CPU
	EndGlobalSection
	GlobalSection(ProjectConfigurationPlatforms) = postSolution
		{0F4549AB-BA18-2687-3D15-7F0837267A31}.Debug|Any CPU.ActiveCfg = Debug|Any CPU
		{0F4549AB-BA18-2687-3D15-7F0837267A31}.Debug|Any CPU.Build.0 = Debug|Any CPU
		{0F4549AB-BA18-2687-3D15-7F0837267A31}.Release|Any CPU.ActiveCfg = Release|Any CPU
		{0F4549AB-BA18-2687-3D15-7F0837267A31}.Release|Any CPU.Build.0 = Release|Any CPU
		{F878DA61-4D28-2A37-C19F-6E57E388F6BD}.Debug|Any CPU.ActiveCfg = Debug|Any CPU
		{F878DA61-4D28-2A37-C19F-6E57E388F6BD}.Debug|Any CPU.Build.0 = Debug|Any CPU
		{F878DA61-4D28-2A37-C19F-6E57E388F6BD}.Release|Any CPU.ActiveCfg = Release|Any CPU
		{F878DA61-4D28-2A37-C19F-6E57E388F6BD}.Release|Any CPU.Build.0 = Release|Any CPU
	EndGlobalSection
	GlobalSection(SolutionProperties) = preSolution
		HideSolutionNode = FALSE
	EndGlobalSection
	GlobalSection(MonoDevelopProperties) = preSolution
		StartupItem = Assembly-CSharp.csproj
	EndGlobalSection
EndGlobal
